
Microsoft Visual Studio Solution File, Format Version 12.00
# Visual Studio Version 17
VisualStudioVersion = 17.2.32602.215
MinimumVisualStudioVersion = 10.0.40219.1
Project("{FAE04EC0-301F-11D3-BF4B-00C04F79EFBC}") = "WordToPdf", "WordToPdf\WordToPdf.csproj", "{C94AFB3C-79D5-42EC-96F6-F8F886E8ACC5}"
EndProject
Global
	GlobalSection(SolutionConfigurationPlatforms) = preSolution
		Debug|Any CPU = Debug|Any CPU
		Release|Any CPU = Release|Any CPU
	EndGlobalSection
	GlobalSection(ProjectConfigurationPlatforms) = postSolution
		{C94AFB3C-79D5-42EC-96F6-F8F886E8ACC5}.Debug|Any CPU.ActiveCfg = Debug|Any CPU
		{C94AFB3C-79D5-42EC-96F6-F8F886E8ACC5}.Debug|Any CPU.Build.0 = Debug|Any CPU
		{C94AFB3C-79D5-42EC-96F6-F8F886E8ACC5}.Release|Any CPU.ActiveCfg = Release|Any CPU
		{C94AFB3C-79D5-42EC-96F6-F8F886E8ACC5}.Release|Any CPU.Build.0 = Release|Any CPU
	EndGlobalSection
	GlobalSection(SolutionProperties) = preSolution
		HideSolutionNode = FALSE
	EndGlobalSection
	GlobalSection(ExtensibilityGlobals) = postSolution
		SolutionGuid = {BBF73E59-1CF8-413A-9288-6D02091E6725}
	EndGlobalSection
EndGlobal
